// !$*UTF8*$!
{
	archiveVersion = 1;
	classes = {
	};
	objectVersion = 50;
	objects = {

/* Begin PBXBuildFile section */
		E85E319721F13F5D00D987C3 /* EndViewController.swift in Sources */ = {isa = PBXBuildFile; fileRef = E85E319621F13F5D00D987C3 /* EndViewController.swift */; };
		E8F005D121A5D6AB0029C421 /* AppDelegate.swift in Sources */ = {isa = PBXBuildFile; fileRef = E8F005D021A5D6AB0029C421 /* AppDelegate.swift */; };
		E8F005D321A5D6AB0029C421 /* ViewController.swift in Sources */ = {isa = PBXBuildFile; fileRef = E8F005D221A5D6AB0029C421 /* ViewController.swift */; };
		E8F005D621A5D6AB0029C421 /* Main.storyboard in Resources */ = {isa = PBXBuildFile; fileRef = E8F005D421A5D6AB0029C421 /* Main.storyboard */; };
		E8F005D821A5D6AD0029C421 /* Assets.xcassets in Resources */ = {isa = PBXBuildFile; fileRef = E8F005D721A5D6AD0029C421 /* Assets.xcassets */; };
		E8F005DB21A5D6AD0029C421 /* LaunchScreen.storyboard in Resources */ = {isa = PBXBuildFile; fileRef = E8F005D921A5D6AD0029C421 /* LaunchScreen.storyboard */; };
		E8F005E321A5E7720029C421 /* GameViewController.swift in Sources */ = {isa = PBXBuildFile; fileRef = E8F005E221A5E7720029C421 /* GameViewController.swift */; };
/* End PBXBuildFile section */

/* Begin PBXFileReference section */
		E85E319621F13F5D00D987C3 /* EndViewController.swift */ = {isa = PBXFileReference; lastKnownFileType = sourcecode.swift; path = EndViewController.swift; sourceTree = "<group>"; };
		E8F005CD21A5D6AB0029C421 /* first attempt.app */ = {isa = PBXFileReference; explicitFileType = wrapper.application; includeInIndex = 0; path = "first attempt.app"; sourceTree = BUILT_PRODUCTS_DIR; };
		E8F005D021A5D6AB0029C421 /* AppDelegate.swift */ = {isa = PBXFileReference; lastKnownFileType = sourcecode.swift; path = AppDelegate.swift; sourceTree = "<group>"; };
		E8F005D221A5D6AB0029C421 /* ViewController.swift */ = {isa = PBXFileReference; lastKnownFileType = sourcecode.swift; path = ViewController.swift; sourceTree = "<group>"; };
		E8F005D521A5D6AB0029C421 /* Base */ = {isa = PBXFileReference; lastKnownFileType = file.storyboard; name = Base; path = Base.lproj/Main.storyboard; sourceTree = "<group>"; };
		E8F005D721A5D6AD0029C421 /* Assets.xcassets */ = {isa = PBXFileReference; lastKnownFileType = folder.assetcatalog; path = Assets.xcassets; sourceTree = "<group>"; };
		E8F005DA21A5D6AD0029C421 /* Base */ = {isa = PBXFileReference; lastKnownFileType = file.storyboard; name = Base; path = Base.lproj/LaunchScreen.storyboard; sourceTree = "<group>"; };
		E8F005DC21A5D6AD0029C421 /* Info.plist */ = {isa = PBXFileReference; lastKnownFileType = text.plist.xml; path = Info.plist; sourceTree = "<group>"; };
		E8F005E221A5E7720029C421 /* GameViewController.swift */ = {isa = PBXFileReference; lastKnownFileType = sourcecode.swift; path = GameViewController.swift; sourceTree = "<group>"; };
/* End PBXFileReference section */

/* Begin PBXFrameworksBuildPhase section */
		E8F005CA21A5D6AA0029C421 /* Frameworks */ = {
			isa = PBXFrameworksBuildPhase;
			buildActionMask = 2147483647;
			files = (
			);
			runOnlyForDeploymentPostprocessing = 0;
		};
/* End PBXFrameworksBuildPhase section */

/* Begin PBXGroup section */
		E8F005C421A5D6AA0029C421 = {
			isa = PBXGroup;
			children = (
				E8F005CF21A5D6AB0029C421 /* first attempt */,
				E8F005CE21A5D6AB0029C421 /* Products */,
			);
			sourceTree = "<group>";
		};
		E8F005CE21A5D6AB0029C421 /* Products */ = {
			isa = PBXGroup;
			children = (
				E8F005CD21A5D6AB0029C421 /* first attempt.app */,
			);
			name = Products;
			sourceTree = "<group>";
		};
		E8F005CF21A5D6AB0029C421 /* first attempt */ = {
			isa = PBXGroup;
			children = (
				E8F005D021A5D6AB0029C421 /* AppDelegate.swift */,
				E8F005D221A5D6AB0029C421 /* ViewController.swift */,
				E8F005E221A5E7720029C421 /* GameViewController.swift */,
				E85E319621F13F5D00D987C3 /* EndViewController.swift */,
				E8F005D421A5D6AB0029C421 /* Main.storyboard */,
				E8F005D721A5D6AD0029C421 /* Assets.xcassets */,
				E8F005D921A5D6AD0029C421 /* LaunchScreen.storyboard */,
				E8F005DC21A5D6AD0029C421 /* Info.plist */,
			);
			path = "first attempt";
			sourceTree = "<group>";
		};
/* End PBXGroup section */

/* Begin PBXNativeTarget section */
		E8F005CC21A5D6AA0029C421 /* first attempt */ = {
			isa = PBXNativeTarget;
			buildConfigurationList = E8F005DF21A5D6AD0029C421 /* Build configuration list for PBXNativeTarget "first attempt" */;
			buildPhases = (
				E8F005C921A5D6AA0029C421 /* Sources */,
				E8F005CA21A5D6AA0029C421 /* Frameworks */,
				E8F005CB21A5D6AA0029C421 /* Resources */,
			);
			buildRules = (
			);
			dependencies = (
			);
			name = "first attempt";
			productName = "first attempt";
			productReference = E8F005CD21A5D6AB0029C421 /* first attempt.app */;
			productType = "com.apple.product-type.application";
		};
/* End PBXNativeTarget section */

/* Begin PBXProject section */
		E8F005C521A5D6AA0029C421 /* Project object */ = {
			isa = PBXProject;
			attributes = {
				LastSwiftUpdateCheck = 1010;
				LastUpgradeCheck = 1010;
				ORGANIZATIONNAME = "Calum Moir";
				TargetAttributes = {
					E8F005CC21A5D6AA0029C421 = {
						CreatedOnToolsVersion = 10.1;
					};
				};
			};
			buildConfigurationList = E8F005C821A5D6AA0029C421 /* Build configuration list for PBXProject "first attempt" */;
			compatibilityVersion = "Xcode 9.3";
			developmentRegion = en;
			hasScannedForEncodings = 0;
			knownRegions = (
				en,
				Base,
			);
			mainGroup = E8F005C421A5D6AA0029C421;
			productRefGroup = E8F005CE21A5D6AB0029C421 /* Products */;
			projectDirPath = "";
			projectRoot = "";
			targets = (
				E8F005CC21A5D6AA0029C421 /* first attempt */,
			);
		};
/* End PBXProject section */

/* Begin PBXResourcesBuildPhase section */
		E8F005CB21A5D6AA0029C421 /* Resources */ = {
			isa = PBXResourcesBuildPhase;
			buildActionMask = 2147483647;
			files = (
				E8F005DB21A5D6AD0029C421 /* LaunchScreen.storyboard in Resources */,
				E8F005D821A5D6AD0029C421 /* Assets.xcassets in Resources */,
				E8F005D621A5D6AB0029C421 /* Main.storyboard in Resources */,
			);
			runOnlyForDeploymentPostprocessing = 0;
		};
/* End PBXResourcesBuildPhase section */

/* Begin PBXSourcesBuildPhase section */
		E8F005C921A5D6AA0029C421 /* Sources */ = {
			isa = PBXSourcesBuildPhase;
			buildActionMask = 2147483647;
			files = (
				E85E319721F13F5D00D987C3 /* EndViewController.swift in Sources */,
				E8F005D321A5D6AB0029C421 /* ViewController.swift in Sources */,
				E8F005E321A5E7720029C421 /* GameViewController.swift in Sources */,
				E8F005D121A5D6AB0029C421 /* AppDelegate.swift in Sources */,
			);
			runOnlyForDeploymentPostprocessing = 0;
		};
/* End PBXSourcesBuildPhase section */

/* Begin PBXVariantGroup section */
		E8F005D421A5D6AB0029C421 /* Main.storyboard */ = {
			isa = PBXVariantGroup;
			children = (
				E8F005D521A5D6AB0029C421 /* Base */,
			);
			name = Main.storyboard;
			sourceTree = "<group>";
		};
		E8F005D921A5D6AD0029C421 /* LaunchScreen.storyboard */ = {
			isa = PBXVariantGroup;
			children = (
				E8F005DA21A5D6AD0029C421 /* Base */,
			);
			name = LaunchScreen.storyboard;
			sourceTree = "<group>";
		};
/* End PBXVariantGroup section */

/* Begin XCBuildConfiguration section */
		E8F005DD21A5D6AD0029C421 /* Debug */ = {
			isa = XCBuildConfiguration;
			buildSettings = {
				ALWAYS_SEARCH_USER_PATHS = NO;
				CLANG_ANALYZER_NONNULL = YES;
				CLANG_ANALYZER_NUMBER_OBJECT_CONVERSION = YES_AGGRESSIVE;
				CLANG_CXX_LANGUAGE_STANDARD = "gnu++14";
				CLANG_CXX_LIBRARY = "libc++";
				CLANG_ENABLE_MODULES = YES;
				CLANG_ENABLE_OBJC_ARC = YES;
				CLANG_ENABLE_OBJC_WEAK = YES;
				CLANG_WARN_BLOCK_CAPTURE_AUTORELEASING = YES;
				CLANG_WARN_BOOL_CONVERSION = YES;
				CLANG_WARN_COMMA = YES;
				CLANG_WARN_CONSTANT_CONVERSION = YES;
				CLANG_WARN_DEPRECATED_OBJC_IMPLEMENTATIONS = YES;
				CLANG_WARN_DIRECT_OBJC_ISA_USAGE = YES_ERROR;
				CLANG_WARN_DOCUMENTATION_COMMENTS = YES;
				CLANG_WARN_EMPTY_BODY = YES;
				CLANG_WARN_ENUM_CONVERSION = YES;
				CLANG_WARN_INFINITE_RECURSION = YES;
				CLANG_WARN_INT_CONVERSION = YES;
				CLANG_WARN_NON_LITERAL_NULL_CONVERSION = YES;
				CLANG_WARN_OBJC_IMPLICIT_RETAIN_SELF = YES;
				CLANG_WARN_OBJC_LITERAL_CONVERSION = YES;
				CLANG_WARN_OBJC_ROOT_CLASS = YES_ERROR;
				CLANG_WARN_RANGE_LOOP_ANALYSIS = YES;
				CLANG_WARN_STRICT_PROTOTYPES = YES;
				CLANG_WARN_SUSPICIOUS_MOVE = YES;
				CLANG_WARN_UNGUARDED_AVAILABILITY = YES_AGGRESSIVE;
				CLANG_WARN_UNREACHABLE_CODE = YES;
				CLANG_WARN__DUPLICATE_METHOD_MATCH = YES;
				CODE_SIGN_IDENTITY = "iPhone Developer";
				COPY_PHASE_STRIP = NO;
				DEBUG_INFORMATION_FORMAT = dwarf;
				ENABLE_STRICT_OBJC_MSGSEND = YES;
				ENABLE_TESTABILITY = YES;
				GCC_C_LANGUAGE_STANDARD = gnu11;
				GCC_DYNAMIC_NO_PIC = NO;
				GCC_NO_COMMON_BLOCKS = YES;
				GCC_OPTIMIZATION_LEVEL = 0;
				GCC_PREPROCESSOR_DEFINITIONS = (
					"DEBUG=1",
					"$(inherited)",
				);
				GCC_WARN_64_TO_32_BIT_CONVERSION = YES;
				GCC_WARN_ABOUT_RETURN_TYPE = YES_ERROR;
				GCC_WARN_UNDECLARED_SELECTOR = YES;
				GCC_WARN_UNINITIALIZED_AUTOS = YES_AGGRESSIVE;
				GCC_WARN_UNUSED_FUNCTION = YES;
				GCC_WARN_UNUSED_VARIABLE = YES;
				IPHONEOS_DEPLOYMENT_TARGET = 12.1;
				MTL_ENABLE_DEBUG_INFO = INCLUDE_SOURCE;
				MTL_FAST_MATH = YES;
				ONLY_ACTIVE_ARCH = YES;
				SDKROOT = iphoneos;
				SWIFT_ACTIVE_COMPILATION_CONDITIONS = DEBUG;
				SWIFT_OPTIMIZATION_LEVEL = "-Onone";
			};
			name = Debug;
		};
		E8F005DE21A5D6AD0029C421 /* Release */ = {
			isa = XCBuildConfiguration;
			buildSettings = {
				ALWAYS_SEARCH_USER_PATHS = NO;
				CLANG_ANALYZER_NONNULL = YES;
				CLANG_ANALYZER_NUMBER_OBJECT_CONVERSION = YES_AGGRESSIVE;
				CLANG_CXX_LANGUAGE_STANDARD = "gnu++14";
				CLANG_CXX_LIBRARY = "libc++";
				CLANG_ENABLE_MODULES = YES;
				CLANG_ENABLE_OBJC_ARC = YES;
				CLANG_ENABLE_OBJC_WEAK = YES;
				CLANG_WARN_BLOCK_CAPTURE_AUTORELEASING = YES;
				CLANG_WARN_BOOL_CONVERSION = YES;
				CLANG_WARN_COMMA = YES;
				CLANG_WARN_CONSTANT_CONVERSION = YES;
				CLANG_WARN_DEPRECATED_OBJC_IMPLEMENTATIONS = YES;
				CLANG_WARN_DIRECT_OBJC_ISA_USAGE = YES_ERROR;
				CLANG_WARN_DOCUMENTATION_COMMENTS = YES;
				CLANG_WARN_EMPTY_BODY = YES;
				CLANG_WARN_ENUM_CONVERSION = YES;
				CLANG_WARN_INFINITE_RECURSION = YES;
				CLANG_WARN_INT_CONVERSION = YES;
				CLANG_WARN_NON_LITERAL_NULL_CONVERSION = YES;
				CLANG_WARN_OBJC_IMPLICIT_RETAIN_SELF = YES;
				CLANG_WARN_OBJC_LITERAL_CONVERSION = YES;
				CLANG_WARN_OBJC_ROOT_CLASS = YES_ERROR;
				CLANG_WARN_RANGE_LOOP_ANALYSIS = YES;
				CLANG_WARN_STRICT_PROTOTYPES = YES;
				CLANG_WARN_SUSPICIOUS_MOVE = YES;
				CLANG_WARN_UNGUARDED_AVAILABILITY = YES_AGGRESSIVE;
				CLANG_WARN_UNREACHABLE_CODE = YES;
				CLANG_WARN__DUPLICATE_METHOD_MATCH = YES;
				CODE_SIGN_IDENTITY = "iPhone Developer";
				COPY_PHASE_STRIP = NO;
				DEBUG_INFORMATION_FORMAT = "dwarf-with-dsym";
				ENABLE_NS_ASSERTIONS = NO;
				ENABLE_STRICT_OBJC_MSGSEND = YES;
				GCC_C_LANGUAGE_STANDARD = gnu11;
				GCC_NO_COMMON_BLOCKS = YES;
				GCC_WARN_64_TO_32_BIT_CONVERSION = YES;
				GCC_WARN_ABOUT_RETURN_TYPE = YES_ERROR;
				GCC_WARN_UNDECLARED_SELECTOR = YES;
				GCC_WARN_UNINITIALIZED_AUTOS = YES_AGGRESSIVE;
				GCC_WARN_UNUSED_FUNCTION = YES;
				GCC_WARN_UNUSED_VARIABLE = YES;
				IPHONEOS_DEPLOYMENT_TARGET = 12.1;
				MTL_ENABLE_DEBUG_INFO = NO;
				MTL_FAST_MATH = YES;
				SDKROOT = iphoneos;
				SWIFT_COMPILATION_MODE = wholemodule;
				SWIFT_OPTIMIZATION_LEVEL = "-O";
				VALIDATE_PRODUCT = YES;
			};
			name = Release;
		};
		E8F005E021A5D6AD0029C421 /* Debug */ = {
			isa = XCBuildConfiguration;
			buildSettings = {
				ASSETCATALOG_COMPILER_APPICON_NAME = AppIcon;
				CODE_SIGN_STYLE = Automatic;
				DEVELOPMENT_TEAM = 6X2XFUU7FT;
				INFOPLIST_FILE = "first attempt/Info.plist";
				LD_RUNPATH_SEARCH_PATHS = (
					"$(inherited)",
					"@executable_path/Frameworks",
				);
				PRODUCT_BUNDLE_IDENTIFIER = "com.calummoir.first-attempt";
				PRODUCT_NAME = "$(TARGET_NAME)";
				SWIFT_VERSION = 4.2;
				TARGETED_DEVICE_FAMILY = 1;
			};
			name = Debug;
		};
		E8F005E121A5D6AD0029C421 /* Release */ = {
			isa = XCBuildConfiguration;
			buildSettings = {
				ASSETCATALOG_COMPILER_APPICON_NAME = AppIcon;
				CODE_SIGN_STYLE = Automatic;
				DEVELOPMENT_TEAM = 6X2XFUU7FT;
				INFOPLIST_FILE = "first attempt/Info.plist";
				LD_RUNPATH_SEARCH_PATHS = (
					"$(inherited)",
					"@executable_path/Frameworks",
				);
				PRODUCT_BUNDLE_IDENTIFIER = "com.calummoir.first-attempt";
				PRODUCT_NAME = "$(TARGET_NAME)";
				SWIFT_VERSION = 4.2;
				TARGETED_DEVICE_FAMILY = 1;
			};
			name = Release;
		};
/* End XCBuildConfiguration section */

/* Begin XCConfigurationList section */
		E8F005C821A5D6AA0029C421 /* Build configuration list for PBXProject "first attempt" */ = {
			isa = XCConfigurationList;
			buildConfigurations = (
				E8F005DD21A5D6AD0029C421 /* Debug */,
				E8F005DE21A5D6AD0029C421 /* Release */,
			);
			defaultConfigurationIsVisible = 0;
			defaultConfigurationName = Release;
		};
		E8F005DF21A5D6AD0029C421 /* Build configuration list for PBXNativeTarget "first attempt" */ = {
			isa = XCConfigurationList;
			buildConfigurations = (
				E8F005E021A5D6AD0029C421 /* Debug */,
				E8F005E121A5D6AD0029C421 /* Release */,
			);
			defaultConfigurationIsVisible = 0;
			defaultConfigurationName = Release;
		};
/* End XCConfigurationList section */
	};
	rootObject = E8F005C521A5D6AA0029C421 /* Project object */;
}
